
Microsoft Visual Studio Solution File, Format Version 12.00
Project("{2150E333-8FDC-42A3-9474-1A3956D46DE8}") = "Services", "Services", "{07FD156B-3A7F-4B04-822C-CEF265A5917F}"
EndProject
Project("{2150E333-8FDC-42A3-9474-1A3956D46DE8}") = "Catalog", "Catalog", "{85D35714-CB49-40CA-80D0-0529A40A179B}"
EndProject
Project("{FAE04EC0-301F-11D3-BF4B-00C04F79EFBC}") = "Catalog.API", "Services\Catalog\Catalog.API\Catalog.API.csproj", "{7A4A86A4-8FD8-480C-9D3D-3E8BC8FAD332}"
EndProject
Project("{2150E333-8FDC-42A3-9474-1A3956D46DE8}") = "BuildingBlocks", "BuildingBlocks", "{830A91E3-EBD4-4647-8394-E8F06AF22A2B}"
EndProject
Project("{FAE04EC0-301F-11D3-BF4B-00C04F79EFBC}") = "BuildingBlocks", "BuildingBlocks\BuildingBlocks\BuildingBlocks.csproj", "{960C3159-364B-47B2-9AD0-704F7DE933E5}"
EndProject
Project("{2150E333-8FDC-42A3-9474-1A3956D46DE8}") = "Solution Items", "Solution Items", "{69416E94-2BD0-471F-B233-9A3F4CB9A174}"
	ProjectSection(SolutionItems) = preProject
		docker-compose.override.yml = docker-compose.override.yml
		docker-compose.yml = docker-compose.yml
	EndProjectSection
EndProject
Project("{2150E333-8FDC-42A3-9474-1A3956D46DE8}") = "Basket", "Basket", "{70358DBD-9E8D-4D73-AD66-8B5A97B418B0}"
EndProject
Project("{FAE04EC0-301F-11D3-BF4B-00C04F79EFBC}") = "Basket.API", "Services\Basket\Basket.API\Basket.API.csproj", "{C293E434-32CE-4C63-9B2A-3057A102DFC4}"
EndProject
Project("{2150E333-8FDC-42A3-9474-1A3956D46DE8}") = "Discount", "Discount", "{32F88FC1-C41E-4669-82B9-98898DEA39AC}"
EndProject
Project("{FAE04EC0-301F-11D3-BF4B-00C04F79EFBC}") = "Discount.Grpc", "Services\Discount\Discount.Grpc\Discount.Grpc.csproj", "{94F0A20D-12A5-4EF9-A6ED-7DCD1B0DE638}"
EndProject
Global
	GlobalSection(SolutionConfigurationPlatforms) = preSolution
		Debug|Any CPU = Debug|Any CPU
		Release|Any CPU = Release|Any CPU
	EndGlobalSection
	GlobalSection(NestedProjects) = preSolution
		{85D35714-CB49-40CA-80D0-0529A40A179B} = {07FD156B-3A7F-4B04-822C-CEF265A5917F}
		{7A4A86A4-8FD8-480C-9D3D-3E8BC8FAD332} = {85D35714-CB49-40CA-80D0-0529A40A179B}
		{960C3159-364B-47B2-9AD0-704F7DE933E5} = {830A91E3-EBD4-4647-8394-E8F06AF22A2B}
		{70358DBD-9E8D-4D73-AD66-8B5A97B418B0} = {07FD156B-3A7F-4B04-822C-CEF265A5917F}
		{C293E434-32CE-4C63-9B2A-3057A102DFC4} = {70358DBD-9E8D-4D73-AD66-8B5A97B418B0}
		{32F88FC1-C41E-4669-82B9-98898DEA39AC} = {07FD156B-3A7F-4B04-822C-CEF265A5917F}
		{94F0A20D-12A5-4EF9-A6ED-7DCD1B0DE638} = {32F88FC1-C41E-4669-82B9-98898DEA39AC}
	EndGlobalSection
	GlobalSection(ProjectConfigurationPlatforms) = postSolution
		{7A4A86A4-8FD8-480C-9D3D-3E8BC8FAD332}.Debug|Any CPU.ActiveCfg = Debug|Any CPU
		{7A4A86A4-8FD8-480C-9D3D-3E8BC8FAD332}.Debug|Any CPU.Build.0 = Debug|Any CPU
		{7A4A86A4-8FD8-480C-9D3D-3E8BC8FAD332}.Release|Any CPU.ActiveCfg = Release|Any CPU
		{7A4A86A4-8FD8-480C-9D3D-3E8BC8FAD332}.Release|Any CPU.Build.0 = Release|Any CPU
		{960C3159-364B-47B2-9AD0-704F7DE933E5}.Debug|Any CPU.ActiveCfg = Debug|Any CPU
		{960C3159-364B-47B2-9AD0-704F7DE933E5}.Debug|Any CPU.Build.0 = Debug|Any CPU
		{960C3159-364B-47B2-9AD0-704F7DE933E5}.Release|Any CPU.ActiveCfg = Release|Any CPU
		{960C3159-364B-47B2-9AD0-704F7DE933E5}.Release|Any CPU.Build.0 = Release|Any CPU
		{C293E434-32CE-4C63-9B2A-3057A102DFC4}.Debug|Any CPU.ActiveCfg = Debug|Any CPU
		{C293E434-32CE-4C63-9B2A-3057A102DFC4}.Debug|Any CPU.Build.0 = Debug|Any CPU
		{C293E434-32CE-4C63-9B2A-3057A102DFC4}.Release|Any CPU.ActiveCfg = Release|Any CPU
		{C293E434-32CE-4C63-9B2A-3057A102DFC4}.Release|Any CPU.Build.0 = Release|Any CPU
		{94F0A20D-12A5-4EF9-A6ED-7DCD1B0DE638}.Debug|Any CPU.ActiveCfg = Debug|Any CPU
		{94F0A20D-12A5-4EF9-A6ED-7DCD1B0DE638}.Debug|Any CPU.Build.0 = Debug|Any CPU
		{94F0A20D-12A5-4EF9-A6ED-7DCD1B0DE638}.Release|Any CPU.ActiveCfg = Release|Any CPU
		{94F0A20D-12A5-4EF9-A6ED-7DCD1B0DE638}.Release|Any CPU.Build.0 = Release|Any CPU
	EndGlobalSection
EndGlobal
